// !$*UTF8*$!
{
	archiveVersion = 1;
	classes = {
	};
	objectVersion = 50;
	objects = {

/* Begin PBXBuildFile section */
		9B1BFDAE23C5674D001B3E79 /* AppDelegate.swift in Sources */ = {isa = PBXBuildFile; fileRef = 9B1BFDAD23C5674D001B3E79 /* AppDelegate.swift */; };
		9B1BFDB023C5674D001B3E79 /* SceneDelegate.swift in Sources */ = {isa = PBXBuildFile; fileRef = 9B1BFDAF23C5674D001B3E79 /* SceneDelegate.swift */; };
		9B1BFDB223C5674D001B3E79 /* ViewController.swift in Sources */ = {isa = PBXBuildFile; fileRef = 9B1BFDB123C5674D001B3E79 /* ViewController.swift */; };
		9B1BFDB523C5674D001B3E79 /* Main.storyboard in Resources */ = {isa = PBXBuildFile; fileRef = 9B1BFDB323C5674D001B3E79 /* Main.storyboard */; };
		9B1BFDB723C5674E001B3E79 /* Assets.xcassets in Resources */ = {isa = PBXBuildFile; fileRef = 9B1BFDB623C5674E001B3E79 /* Assets.xcassets */; };
		9B1BFDBA23C5674E001B3E79 /* LaunchScreen.storyboard in Resources */ = {isa = PBXBuildFile; fileRef = 9B1BFDB823C5674E001B3E79 /* LaunchScreen.storyboard */; };
		9B1BFDC523C5674E001B3E79 /* swipeGesture_demoTests.swift in Sources */ = {isa = PBXBuildFile; fileRef = 9B1BFDC423C5674E001B3E79 /* swipeGesture_demoTests.swift */; };
		9B1BFDD023C5674E001B3E79 /* swipeGesture_demoUITests.swift in Sources */ = {isa = PBXBuildFile; fileRef = 9B1BFDCF23C5674E001B3E79 /* swipeGesture_demoUITests.swift */; };
/* End PBXBuildFile section */

/* Begin PBXContainerItemProxy section */
		9B1BFDC123C5674E001B3E79 /* PBXContainerItemProxy */ = {
			isa = PBXContainerItemProxy;
			containerPortal = 9B1BFDA223C5674D001B3E79 /* Project object */;
			proxyType = 1;
			remoteGlobalIDString = 9B1BFDA923C5674D001B3E79;
			remoteInfo = "swipeGesture demo";
		};
		9B1BFDCC23C5674E001B3E79 /* PBXContainerItemProxy */ = {
			isa = PBXContainerItemProxy;
			containerPortal = 9B1BFDA223C5674D001B3E79 /* Project object */;
			proxyType = 1;
			remoteGlobalIDString = 9B1BFDA923C5674D001B3E79;
			remoteInfo = "swipeGesture demo";
		};
/* End PBXContainerItemProxy section */

/* Begin PBXFileReference section */
		9B1BFDAA23C5674D001B3E79 /* swipeGesture demo.app */ = {isa = PBXFileReference; explicitFileType = wrapper.application; includeInIndex = 0; path = "swipeGesture demo.app"; sourceTree = BUILT_PRODUCTS_DIR; };
		9B1BFDAD23C5674D001B3E79 /* AppDelegate.swift */ = {isa = PBXFileReference; lastKnownFileType = sourcecode.swift; path = AppDelegate.swift; sourceTree = "<group>"; };
		9B1BFDAF23C5674D001B3E79 /* SceneDelegate.swift */ = {isa = PBXFileReference; lastKnownFileType = sourcecode.swift; path = SceneDelegate.swift; sourceTree = "<group>"; };
		9B1BFDB123C5674D001B3E79 /* ViewController.swift */ = {isa = PBXFileReference; lastKnownFileType = sourcecode.swift; path = ViewController.swift; sourceTree = "<group>"; };
		9B1BFDB423C5674D001B3E79 /* Base */ = {isa = PBXFileReference; lastKnownFileType = file.storyboard; name = Base; path = Base.lproj/Main.storyboard; sourceTree = "<group>"; };
		9B1BFDB623C5674E001B3E79 /* Assets.xcassets */ = {isa = PBXFileReference; lastKnownFileType = folder.assetcatalog; path = Assets.xcassets; sourceTree = "<group>"; };
		9B1BFDB923C5674E001B3E79 /* Base */ = {isa = PBXFileReference; lastKnownFileType = file.storyboard; name = Base; path = Base.lproj/LaunchScreen.storyboard; sourceTree = "<group>"; };
		9B1BFDBB23C5674E001B3E79 /* Info.plist */ = {isa = PBXFileReference; lastKnownFileType = text.plist.xml; path = Info.plist; sourceTree = "<group>"; };
		9B1BFDC023C5674E001B3E79 /* swipeGesture demoTests.xctest */ = {isa = PBXFileReference; explicitFileType = wrapper.cfbundle; includeInIndex = 0; path = "swipeGesture demoTests.xctest"; sourceTree = BUILT_PRODUCTS_DIR; };
		9B1BFDC423C5674E001B3E79 /* swipeGesture_demoTests.swift */ = {isa = PBXFileReference; lastKnownFileType = sourcecode.swift; path = swipeGesture_demoTests.swift; sourceTree = "<group>"; };
		9B1BFDC623C5674E001B3E79 /* Info.plist */ = {isa = PBXFileReference; lastKnownFileType = text.plist.xml; path = Info.plist; sourceTree = "<group>"; };
		9B1BFDCB23C5674E001B3E79 /* swipeGesture demoUITests.xctest */ = {isa = PBXFileReference; explicitFileType = wrapper.cfbundle; includeInIndex = 0; path = "swipeGesture demoUITests.xctest"; sourceTree = BUILT_PRODUCTS_DIR; };
		9B1BFDCF23C5674E001B3E79 /* swipeGesture_demoUITests.swift */ = {isa = PBXFileReference; lastKnownFileType = sourcecode.swift; path = swipeGesture_demoUITests.swift; sourceTree = "<group>"; };
		9B1BFDD123C5674E001B3E79 /* Info.plist */ = {isa = PBXFileReference; lastKnownFileType = text.plist.xml; path = Info.plist; sourceTree = "<group>"; };
/* End PBXFileReference section */

/* Begin PBXFrameworksBuildPhase section */
		9B1BFDA723C5674D001B3E79 /* Frameworks */ = {
			isa = PBXFrameworksBuildPhase;
			buildActionMask = 2147483647;
			files = (
			);
			runOnlyForDeploymentPostprocessing = 0;
		};
		9B1BFDBD23C5674E001B3E79 /* Frameworks */ = {
			isa = PBXFrameworksBuildPhase;
			buildActionMask = 2147483647;
			files = (
			);
			runOnlyForDeploymentPostprocessing = 0;
		};
		9B1BFDC823C5674E001B3E79 /* Frameworks */ = {
			isa = PBXFrameworksBuildPhase;
			buildActionMask = 2147483647;
			files = (
			);
			runOnlyForDeploymentPostprocessing = 0;
		};
/* End PBXFrameworksBuildPhase section */

/* Begin PBXGroup section */
		9B1BFDA123C5674D001B3E79 = {
			isa = PBXGroup;
			children = (
				9B1BFDAC23C5674D001B3E79 /* swipeGesture demo */,
				9B1BFDC323C5674E001B3E79 /* swipeGesture demoTests */,
				9B1BFDCE23C5674E001B3E79 /* swipeGesture demoUITests */,
				9B1BFDAB23C5674D001B3E79 /* Products */,
			);
			sourceTree = "<group>";
		};
		9B1BFDAB23C5674D001B3E79 /* Products */ = {
			isa = PBXGroup;
			children = (
				9B1BFDAA23C5674D001B3E79 /* swipeGesture demo.app */,
				9B1BFDC023C5674E001B3E79 /* swipeGesture demoTests.xctest */,
				9B1BFDCB23C5674E001B3E79 /* swipeGesture demoUITests.xctest */,
			);
			name = Products;
			sourceTree = "<group>";
		};
		9B1BFDAC23C5674D001B3E79 /* swipeGesture demo */ = {
			isa = PBXGroup;
			children = (
				9B1BFDAD23C5674D001B3E79 /* AppDelegate.swift */,
				9B1BFDAF23C5674D001B3E79 /* SceneDelegate.swift */,
				9B1BFDB123C5674D001B3E79 /* ViewController.swift */,
				9B1BFDB323C5674D001B3E79 /* Main.storyboard */,
				9B1BFDB623C5674E001B3E79 /* Assets.xcassets */,
				9B1BFDB823C5674E001B3E79 /* LaunchScreen.storyboard */,
				9B1BFDBB23C5674E001B3E79 /* Info.plist */,
			);
			path = "swipeGesture demo";
			sourceTree = "<group>";
		};
		9B1BFDC323C5674E001B3E79 /* swipeGesture demoTests */ = {
			isa = PBXGroup;
			children = (
				9B1BFDC423C5674E001B3E79 /* swipeGesture_demoTests.swift */,
				9B1BFDC623C5674E001B3E79 /* Info.plist */,
			);
			path = "swipeGesture demoTests";
			sourceTree = "<group>";
		};
		9B1BFDCE23C5674E001B3E79 /* swipeGesture demoUITests */ = {
			isa = PBXGroup;
			children = (
				9B1BFDCF23C5674E001B3E79 /* swipeGesture_demoUITests.swift */,
				9B1BFDD123C5674E001B3E79 /* Info.plist */,
			);
			path = "swipeGesture demoUITests";
			sourceTree = "<group>";
		};
/* End PBXGroup section */

/* Begin PBXNativeTarget section */
		9B1BFDA923C5674D001B3E79 /* swipeGesture demo */ = {
			isa = PBXNativeTarget;
			buildConfigurationList = 9B1BFDD423C5674E001B3E79 /* Build configuration list for PBXNativeTarget "swipeGesture demo" */;
			buildPhases = (
				9B1BFDA623C5674D001B3E79 /* Sources */,
				9B1BFDA723C5674D001B3E79 /* Frameworks */,
				9B1BFDA823C5674D001B3E79 /* Resources */,
			);
			buildRules = (
			);
			dependencies = (
			);
			name = "swipeGesture demo";
			productName = "swipeGesture demo";
			productReference = 9B1BFDAA23C5674D001B3E79 /* swipeGesture demo.app */;
			productType = "com.apple.product-type.application";
		};
		9B1BFDBF23C5674E001B3E79 /* swipeGesture demoTests */ = {
			isa = PBXNativeTarget;
			buildConfigurationList = 9B1BFDD723C5674E001B3E79 /* Build configuration list for PBXNativeTarget "swipeGesture demoTests" */;
			buildPhases = (
				9B1BFDBC23C5674E001B3E79 /* Sources */,
				9B1BFDBD23C5674E001B3E79 /* Frameworks */,
				9B1BFDBE23C5674E001B3E79 /* Resources */,
			);
			buildRules = (
			);
			dependencies = (
				9B1BFDC223C5674E001B3E79 /* PBXTargetDependency */,
			);
			name = "swipeGesture demoTests";
			productName = "swipeGesture demoTests";
			productReference = 9B1BFDC023C5674E001B3E79 /* swipeGesture demoTests.xctest */;
			productType = "com.apple.product-type.bundle.unit-test";
		};
		9B1BFDCA23C5674E001B3E79 /* swipeGesture demoUITests */ = {
			isa = PBXNativeTarget;
			buildConfigurationList = 9B1BFDDA23C5674E001B3E79 /* Build configuration list for PBXNativeTarget "swipeGesture demoUITests" */;
			buildPhases = (
				9B1BFDC723C5674E001B3E79 /* Sources */,
				9B1BFDC823C5674E001B3E79 /* Frameworks */,
				9B1BFDC923C5674E001B3E79 /* Resources */,
			);
			buildRules = (
			);
			dependencies = (
				9B1BFDCD23C5674E001B3E79 /* PBXTargetDependency */,
			);
			name = "swipeGesture demoUITests";
			productName = "swipeGesture demoUITests";
			productReference = 9B1BFDCB23C5674E001B3E79 /* swipeGesture demoUITests.xctest */;
			productType = "com.apple.product-type.bundle.ui-testing";
		};
/* End PBXNativeTarget section */

/* Begin PBXProject section */
		9B1BFDA223C5674D001B3E79 /* Project object */ = {
			isa = PBXProject;
			attributes = {
				LastSwiftUpdateCheck = 1130;
				LastUpgradeCheck = 1130;
				ORGANIZATIONNAME = MacStudent;
				TargetAttributes = {
					9B1BFDA923C5674D001B3E79 = {
						CreatedOnToolsVersion = 11.3;
					};
					9B1BFDBF23C5674E001B3E79 = {
						CreatedOnToolsVersion = 11.3;
						TestTargetID = 9B1BFDA923C5674D001B3E79;
					};
					9B1BFDCA23C5674E001B3E79 = {
						CreatedOnToolsVersion = 11.3;
						TestTargetID = 9B1BFDA923C5674D001B3E79;
					};
				};
			};
			buildConfigurationList = 9B1BFDA523C5674D001B3E79 /* Build configuration list for PBXProject "swipeGesture demo" */;
			compatibilityVersion = "Xcode 9.3";
			developmentRegion = en;
			hasScannedForEncodings = 0;
			knownRegions = (
				en,
				Base,
			);
			mainGroup = 9B1BFDA123C5674D001B3E79;
			productRefGroup = 9B1BFDAB23C5674D001B3E79 /* Products */;
			projectDirPath = "";
			projectRoot = "";
			targets = (
				9B1BFDA923C5674D001B3E79 /* swipeGesture demo */,
				9B1BFDBF23C5674E001B3E79 /* swipeGesture demoTests */,
				9B1BFDCA23C5674E001B3E79 /* swipeGesture demoUITests */,
			);
		};
/* End PBXProject section */

/* Begin PBXResourcesBuildPhase section */
		9B1BFDA823C5674D001B3E79 /* Resources */ = {
			isa = PBXResourcesBuildPhase;
			buildActionMask = 2147483647;
			files = (
				9B1BFDBA23C5674E001B3E79 /* LaunchScreen.storyboard in Resources */,
				9B1BFDB723C5674E001B3E79 /* Assets.xcassets in Resources */,
				9B1BFDB523C5674D001B3E79 /* Main.storyboard in Resources */,
			);
			runOnlyForDeploymentPostprocessing = 0;
		};
		9B1BFDBE23C5674E001B3E79 /* Resources */ = {
			isa = PBXResourcesBuildPhase;
			buildActionMask = 2147483647;
			files = (
			);
			runOnlyForDeploymentPostprocessing = 0;
		};
		9B1BFDC923C5674E001B3E79 /* Resources */ = {
			isa = PBXResourcesBuildPhase;
			buildActionMask = 2147483647;
			files = (
			);
			runOnlyForDeploymentPostprocessing = 0;
		};
/* End PBXResourcesBuildPhase section */

/* Begin PBXSourcesBuildPhase section */
		9B1BFDA623C5674D001B3E79 /* Sources */ = {
			isa = PBXSourcesBuildPhase;
			buildActionMask = 2147483647;
			files = (
				9B1BFDB223C5674D001B3E79 /* ViewController.swift in Sources */,
				9B1BFDAE23C5674D001B3E79 /* AppDelegate.swift in Sources */,
				9B1BFDB023C5674D001B3E79 /* SceneDelegate.swift in Sources */,
			);
			runOnlyForDeploymentPostprocessing = 0;
		};
		9B1BFDBC23C5674E001B3E79 /* Sources */ = {
			isa = PBXSourcesBuildPhase;
			buildActionMask = 2147483647;
			files = (
				9B1BFDC523C5674E001B3E79 /* swipeGesture_demoTests.swift in Sources */,
			);
			runOnlyForDeploymentPostprocessing = 0;
		};
		9B1BFDC723C5674E001B3E79 /* Sources */ = {
			isa = PBXSourcesBuildPhase;
			buildActionMask = 2147483647;
			files = (
				9B1BFDD023C5674E001B3E79 /* swipeGesture_demoUITests.swift in Sources */,
			);
			runOnlyForDeploymentPostprocessing = 0;
		};
/* End PBXSourcesBuildPhase section */

/* Begin PBXTargetDependency section */
		9B1BFDC223C5674E001B3E79 /* PBXTargetDependency */ = {
			isa = PBXTargetDependency;
			target = 9B1BFDA923C5674D001B3E79 /* swipeGesture demo */;
			targetProxy = 9B1BFDC123C5674E001B3E79 /* PBXContainerItemProxy */;
		};
		9B1BFDCD23C5674E001B3E79 /* PBXTargetDependency */ = {
			isa = PBXTargetDependency;
			target = 9B1BFDA923C5674D001B3E79 /* swipeGesture demo */;
			targetProxy = 9B1BFDCC23C5674E001B3E79 /* PBXContainerItemProxy */;
		};
/* End PBXTargetDependency section */

/* Begin PBXVariantGroup section */
		9B1BFDB323C5674D001B3E79 /* Main.storyboard */ = {
			isa = PBXVariantGroup;
			children = (
				9B1BFDB423C5674D001B3E79 /* Base */,
			);
			name = Main.storyboard;
			sourceTree = "<group>";
		};
		9B1BFDB823C5674E001B3E79 /* LaunchScreen.storyboard */ = {
			isa = PBXVariantGroup;
			children = (
				9B1BFDB923C5674E001B3E79 /* Base */,
			);
			name = LaunchScreen.storyboard;
			sourceTree = "<group>";
		};
/* End PBXVariantGroup section */

/* Begin XCBuildConfiguration section */
		9B1BFDD223C5674E001B3E79 /* Debug */ = {
			isa = XCBuildConfiguration;
			buildSettings = {
				ALWAYS_SEARCH_USER_PATHS = NO;
				CLANG_ANALYZER_NONNULL = YES;
				CLANG_ANALYZER_NUMBER_OBJECT_CONVERSION = YES_AGGRESSIVE;
				CLANG_CXX_LANGUAGE_STANDARD = "gnu++14";
				CLANG_CXX_LIBRARY = "libc++";
				CLANG_ENABLE_MODULES = YES;
				CLANG_ENABLE_OBJC_ARC = YES;
				CLANG_ENABLE_OBJC_WEAK = YES;
				CLANG_WARN_BLOCK_CAPTURE_AUTORELEASING = YES;
				CLANG_WARN_BOOL_CONVERSION = YES;
				CLANG_WARN_COMMA = YES;
				CLANG_WARN_CONSTANT_CONVERSION = YES;
				CLANG_WARN_DEPRECATED_OBJC_IMPLEMENTATIONS = YES;
				CLANG_WARN_DIRECT_OBJC_ISA_USAGE = YES_ERROR;
				CLANG_WARN_DOCUMENTATION_COMMENTS = YES;
				CLANG_WARN_EMPTY_BODY = YES;
				CLANG_WARN_ENUM_CONVERSION = YES;
				CLANG_WARN_INFINITE_RECURSION = YES;
				CLANG_WARN_INT_CONVERSION = YES;
				CLANG_WARN_NON_LITERAL_NULL_CONVERSION = YES;
				CLANG_WARN_OBJC_IMPLICIT_RETAIN_SELF = YES;
				CLANG_WARN_OBJC_LITERAL_CONVERSION = YES;
				CLANG_WARN_OBJC_ROOT_CLASS = YES_ERROR;
				CLANG_WARN_RANGE_LOOP_ANALYSIS = YES;
				CLANG_WARN_STRICT_PROTOTYPES = YES;
				CLANG_WARN_SUSPICIOUS_MOVE = YES;
				CLANG_WARN_UNGUARDED_AVAILABILITY = YES_AGGRESSIVE;
				CLANG_WARN_UNREACHABLE_CODE = YES;
				CLANG_WARN__DUPLICATE_METHOD_MATCH = YES;
				COPY_PHASE_STRIP = NO;
				DEBUG_INFORMATION_FORMAT = dwarf;
				ENABLE_STRICT_OBJC_MSGSEND = YES;
				ENABLE_TESTABILITY = YES;
				GCC_C_LANGUAGE_STANDARD = gnu11;
				GCC_DYNAMIC_NO_PIC = NO;
				GCC_NO_COMMON_BLOCKS = YES;
				GCC_OPTIMIZATION_LEVEL = 0;
				GCC_PREPROCESSOR_DEFINITIONS = (
					"DEBUG=1",
					"$(inherited)",
				);
				GCC_WARN_64_TO_32_BIT_CONVERSION = YES;
				GCC_WARN_ABOUT_RETURN_TYPE = YES_ERROR;
				GCC_WARN_UNDECLARED_SELECTOR = YES;
				GCC_WARN_UNINITIALIZED_AUTOS = YES_AGGRESSIVE;
				GCC_WARN_UNUSED_FUNCTION = YES;
				GCC_WARN_UNUSED_VARIABLE = YES;
				IPHONEOS_DEPLOYMENT_TARGET = 13.2;
				MTL_ENABLE_DEBUG_INFO = INCLUDE_SOURCE;
				MTL_FAST_MATH = YES;
				ONLY_ACTIVE_ARCH = YES;
				SDKROOT = iphoneos;
				SWIFT_ACTIVE_COMPILATION_CONDITIONS = DEBUG;
				SWIFT_OPTIMIZATION_LEVEL = "-Onone";
			};
			name = Debug;
		};
		9B1BFDD323C5674E001B3E79 /* Release */ = {
			isa = XCBuildConfiguration;
			buildSettings = {
				ALWAYS_SEARCH_USER_PATHS = NO;
				CLANG_ANALYZER_NONNULL = YES;
				CLANG_ANALYZER_NUMBER_OBJECT_CONVERSION = YES_AGGRESSIVE;
				CLANG_CXX_LANGUAGE_STANDARD = "gnu++14";
				CLANG_CXX_LIBRARY = "libc++";
				CLANG_ENABLE_MODULES = YES;
				CLANG_ENABLE_OBJC_ARC = YES;
				CLANG_ENABLE_OBJC_WEAK = YES;
				CLANG_WARN_BLOCK_CAPTURE_AUTORELEASING = YES;
				CLANG_WARN_BOOL_CONVERSION = YES;
				CLANG_WARN_COMMA = YES;
				CLANG_WARN_CONSTANT_CONVERSION = YES;
				CLANG_WARN_DEPRECATED_OBJC_IMPLEMENTATIONS = YES;
				CLANG_WARN_DIRECT_OBJC_ISA_USAGE = YES_ERROR;
				CLANG_WARN_DOCUMENTATION_COMMENTS = YES;
				CLANG_WARN_EMPTY_BODY = YES;
				CLANG_WARN_ENUM_CONVERSION = YES;
				CLANG_WARN_INFINITE_RECURSION = YES;
				CLANG_WARN_INT_CONVERSION = YES;
				CLANG_WARN_NON_LITERAL_NULL_CONVERSION = YES;
				CLANG_WARN_OBJC_IMPLICIT_RETAIN_SELF = YES;
				CLANG_WARN_OBJC_LITERAL_CONVERSION = YES;
				CLANG_WARN_OBJC_ROOT_CLASS = YES_ERROR;
				CLANG_WARN_RANGE_LOOP_ANALYSIS = YES;
				CLANG_WARN_STRICT_PROTOTYPES = YES;
				CLANG_WARN_SUSPICIOUS_MOVE = YES;
				CLANG_WARN_UNGUARDED_AVAILABILITY = YES_AGGRESSIVE;
				CLANG_WARN_UNREACHABLE_CODE = YES;
				CLANG_WARN__DUPLICATE_METHOD_MATCH = YES;
				COPY_PHASE_STRIP = NO;
				DEBUG_INFORMATION_FORMAT = "dwarf-with-dsym";
				ENABLE_NS_ASSERTIONS = NO;
				ENABLE_STRICT_OBJC_MSGSEND = YES;
				GCC_C_LANGUAGE_STANDARD = gnu11;
				GCC_NO_COMMON_BLOCKS = YES;
				GCC_WARN_64_TO_32_BIT_CONVERSION = YES;
				GCC_WARN_ABOUT_RETURN_TYPE = YES_ERROR;
				GCC_WARN_UNDECLARED_SELECTOR = YES;
				GCC_WARN_UNINITIALIZED_AUTOS = YES_AGGRESSIVE;
				GCC_WARN_UNUSED_FUNCTION = YES;
				GCC_WARN_UNUSED_VARIABLE = YES;
				IPHONEOS_DEPLOYMENT_TARGET = 13.2;
				MTL_ENABLE_DEBUG_INFO = NO;
				MTL_FAST_MATH = YES;
				SDKROOT = iphoneos;
				SWIFT_COMPILATION_MODE = wholemodule;
				SWIFT_OPTIMIZATION_LEVEL = "-O";
				VALIDATE_PRODUCT = YES;
			};
			name = Release;
		};
		9B1BFDD523C5674E001B3E79 /* Debug */ = {
			isa = XCBuildConfiguration;
			buildSettings = {
				ASSETCATALOG_COMPILER_APPICON_NAME = AppIcon;
				CODE_SIGN_STYLE = Automatic;
				INFOPLIST_FILE = "swipeGesture demo/Info.plist";
				LD_RUNPATH_SEARCH_PATHS = (
					"$(inherited)",
					"@executable_path/Frameworks",
				);
				PRODUCT_BUNDLE_IDENTIFIER = "CestarCollege.swipeGesture-demo";
				PRODUCT_NAME = "$(TARGET_NAME)";
				SWIFT_VERSION = 5.0;
				TARGETED_DEVICE_FAMILY = "1,2";
			};
			name = Debug;
		};
		9B1BFDD623C5674E001B3E79 /* Release */ = {
			isa = XCBuildConfiguration;
			buildSettings = {
				ASSETCATALOG_COMPILER_APPICON_NAME = AppIcon;
				CODE_SIGN_STYLE = Automatic;
				INFOPLIST_FILE = "swipeGesture demo/Info.plist";
				LD_RUNPATH_SEARCH_PATHS = (
					"$(inherited)",
					"@executable_path/Frameworks",
				);
				PRODUCT_BUNDLE_IDENTIFIER = "CestarCollege.swipeGesture-demo";
				PRODUCT_NAME = "$(TARGET_NAME)";
				SWIFT_VERSION = 5.0;
				TARGETED_DEVICE_FAMILY = "1,2";
			};
			name = Release;
		};
		9B1BFDD823C5674E001B3E79 /* Debug */ = {
			isa = XCBuildConfiguration;
			buildSettings = {
				ALWAYS_EMBED_SWIFT_STANDARD_LIBRARIES = YES;
				BUNDLE_LOADER = "$(TEST_HOST)";
				CODE_SIGN_STYLE = Automatic;
				INFOPLIST_FILE = "swipeGesture demoTests/Info.plist";
				IPHONEOS_DEPLOYMENT_TARGET = 13.2;
				LD_RUNPATH_SEARCH_PATHS = (
					"$(inherited)",
					"@executable_path/Frameworks",
					"@loader_path/Frameworks",
				);
				PRODUCT_BUNDLE_IDENTIFIER = "CestarCollege.swipeGesture-demoTests";
				PRODUCT_NAME = "$(TARGET_NAME)";
				SWIFT_VERSION = 5.0;
				TARGETED_DEVICE_FAMILY = "1,2";
				TEST_HOST = "$(BUILT_PRODUCTS_DIR)/swipeGesture demo.app/swipeGesture demo";
			};
			name = Debug;
		};
		9B1BFDD923C5674E001B3E79 /* Release */ = {
			isa = XCBuildConfiguration;
			buildSettings = {
				ALWAYS_EMBED_SWIFT_STANDARD_LIBRARIES = YES;
				BUNDLE_LOADER = "$(TEST_HOST)";
				CODE_SIGN_STYLE = Automatic;
				INFOPLIST_FILE = "swipeGesture demoTests/Info.plist";
				IPHONEOS_DEPLOYMENT_TARGET = 13.2;
				LD_RUNPATH_SEARCH_PATHS = (
					"$(inherited)",
					"@executable_path/Frameworks",
					"@loader_path/Frameworks",
				);
				PRODUCT_BUNDLE_IDENTIFIER = "CestarCollege.swipeGesture-demoTests";
				PRODUCT_NAME = "$(TARGET_NAME)";
				SWIFT_VERSION = 5.0;
				TARGETED_DEVICE_FAMILY = "1,2";
				TEST_HOST = "$(BUILT_PRODUCTS_DIR)/swipeGesture demo.app/swipeGesture demo";
			};
			name = Release;
		};
		9B1BFDDB23C5674E001B3E79 /* Debug */ = {
			isa = XCBuildConfiguration;
			buildSettings = {
				ALWAYS_EMBED_SWIFT_STANDARD_LIBRARIES = YES;
				CODE_SIGN_STYLE = Automatic;
				INFOPLIST_FILE = "swipeGesture demoUITests/Info.plist";
				LD_RUNPATH_SEARCH_PATHS = (
					"$(inherited)",
					"@executable_path/Frameworks",
					"@loader_path/Frameworks",
				);
				PRODUCT_BUNDLE_IDENTIFIER = "CestarCollege.swipeGesture-demoUITests";
				PRODUCT_NAME = "$(TARGET_NAME)";
				SWIFT_VERSION = 5.0;
				TARGETED_DEVICE_FAMILY = "1,2";
				TEST_TARGET_NAME = "swipeGesture demo";
			};
			name = Debug;
		};
		9B1BFDDC23C5674E001B3E79 /* Release */ = {
			isa = XCBuildConfiguration;
			buildSettings = {
				ALWAYS_EMBED_SWIFT_STANDARD_LIBRARIES = YES;
				CODE_SIGN_STYLE = Automatic;
				INFOPLIST_FILE = "swipeGesture demoUITests/Info.plist";
				LD_RUNPATH_SEARCH_PATHS = (
					"$(inherited)",
					"@executable_path/Frameworks",
					"@loader_path/Frameworks",
				);
				PRODUCT_BUNDLE_IDENTIFIER = "CestarCollege.swipeGesture-demoUITests";
				PRODUCT_NAME = "$(TARGET_NAME)";
				SWIFT_VERSION = 5.0;
				TARGETED_DEVICE_FAMILY = "1,2";
				TEST_TARGET_NAME = "swipeGesture demo";
			};
			name = Release;
		};
/* End XCBuildConfiguration section */

/* Begin XCConfigurationList section */
		9B1BFDA523C5674D001B3E79 /* Build configuration list for PBXProject "swipeGesture demo" */ = {
			isa = XCConfigurationList;
			buildConfigurations = (
				9B1BFDD223C5674E001B3E79 /* Debug */,
				9B1BFDD323C5674E001B3E79 /* Release */,
			);
			defaultConfigurationIsVisible = 0;
			defaultConfigurationName = Release;
		};
		9B1BFDD423C5674E001B3E79 /* Build configuration list for PBXNativeTarget "swipeGesture demo" */ = {
			isa = XCConfigurationList;
			buildConfigurations = (
				9B1BFDD523C5674E001B3E79 /* Debug */,
				9B1BFDD623C5674E001B3E79 /* Release */,
			);
			defaultConfigurationIsVisible = 0;
			defaultConfigurationName = Release;
		};
		9B1BFDD723C5674E001B3E79 /* Build configuration list for PBXNativeTarget "swipeGesture demoTests" */ = {
			isa = XCConfigurationList;
			buildConfigurations = (
				9B1BFDD823C5674E001B3E79 /* Debug */,
				9B1BFDD923C5674E001B3E79 /* Release */,
			);
			defaultConfigurationIsVisible = 0;
			defaultConfigurationName = Release;
		};
		9B1BFDDA23C5674E001B3E79 /* Build configuration list for PBXNativeTarget "swipeGesture demoUITests" */ = {
			isa = XCConfigurationList;
			buildConfigurations = (
				9B1BFDDB23C5674E001B3E79 /* Debug */,
				9B1BFDDC23C5674E001B3E79 /* Release */,
			);
			defaultConfigurationIsVisible = 0;
			defaultConfigurationName = Release;
		};
/* End XCConfigurationList section */
	};
	rootObject = 9B1BFDA223C5674D001B3E79 /* Project object */;
}
